
Microsoft Visual Studio Solution File, Format Version 12.00
# Visual Studio Version 17
VisualStudioVersion = 17.6.33723.286
MinimumVisualStudioVersion = 10.0.40219.1
Project("{FAE04EC0-301F-11D3-BF4B-00C04F79EFBC}") = "TaxBracketsCalculator", "TaxBracketsCalculator\TaxBracketsCalculator.csproj", "{9EE865DC-A31B-4233-BBA4-D71B0C998696}"
EndProject
Global
	GlobalSection(SolutionConfigurationPlatforms) = preSolution
		Debug|Any CPU = Debug|Any CPU
		Release|Any CPU = Release|Any CPU
	EndGlobalSection
	GlobalSection(ProjectConfigurationPlatforms) = postSolution
		{9EE865DC-A31B-4233-BBA4-D71B0C998696}.Debug|Any CPU.ActiveCfg = Debug|Any CPU
		{9EE865DC-A31B-4233-BBA4-D71B0C998696}.Debug|Any CPU.Build.0 = Debug|Any CPU
		{9EE865DC-A31B-4233-BBA4-D71B0C998696}.Release|Any CPU.ActiveCfg = Release|Any CPU
		{9EE865DC-A31B-4233-BBA4-D71B0C998696}.Release|Any CPU.Build.0 = Release|Any CPU
	EndGlobalSection
	GlobalSection(SolutionProperties) = preSolution
		HideSolutionNode = FALSE
	EndGlobalSection
	GlobalSection(ExtensibilityGlobals) = postSolution
		SolutionGuid = {614711D2-171E-4FD9-83D0-C522CDF31608}
	EndGlobalSection
EndGlobal
